
Microsoft Visual Studio Solution File, Format Version 12.00
# Visual Studio 15
VisualStudioVersion = 15.0.28307.1259
MinimumVisualStudioVersion = 10.0.40219.1
Project("{FAE04EC0-301F-11D3-BF4B-00C04F79EFBC}") = "ClientProxy-P4-20180140121_Form", "ClientProxy-P4-20180140121_Form\ClientProxy-P4-20180140121_Form.csproj", "{475192A8-D5BE-4576-A2C4-DEC749764B70}"
EndProject
Global
	GlobalSection(SolutionConfigurationPlatforms) = preSolution
		Debug|Any CPU = Debug|Any CPU
		Release|Any CPU = Release|Any CPU
	EndGlobalSection
	GlobalSection(ProjectConfigurationPlatforms) = postSolution
		{475192A8-D5BE-4576-A2C4-DEC749764B70}.Debug|Any CPU.ActiveCfg = Debug|Any CPU
		{475192A8-D5BE-4576-A2C4-DEC749764B70}.Debug|Any CPU.Build.0 = Debug|Any CPU
		{475192A8-D5BE-4576-A2C4-DEC749764B70}.Release|Any CPU.ActiveCfg = Release|Any CPU
		{475192A8-D5BE-4576-A2C4-DEC749764B70}.Release|Any CPU.Build.0 = Release|Any CPU
	EndGlobalSection
	GlobalSection(SolutionProperties) = preSolution
		HideSolutionNode = FALSE
	EndGlobalSection
	GlobalSection(ExtensibilityGlobals) = postSolution
		SolutionGuid = {AA98334C-40F5-449E-882B-E3AB2FDA6AEC}
	EndGlobalSection
EndGlobal
